# This file is automatically @generated by Cargo.
# It is not intended for manual editing.
version = 3

[[package]]
name = "bech32"
version = "0.9.1"
source = "registry+https://github.com/rust-lang/crates.io-index"
checksum = "d86b93f97252c47b41663388e6d155714a9d0c398b99f1005cbc5f978b29f445"

[[package]]
name = "bitcoin"
version = "0.29.2"
source = "registry+https://github.com/rust-lang/crates.io-index"
checksum = "0694ea59225b0c5f3cb405ff3f670e4828358ed26aec49dc352f730f0cb1a8a3"
dependencies = [
 "bech32",
 "bitcoin_hashes",
 "secp256k1",
]

[[package]]
name = "bitcoin_hashes"
version = "0.11.0"
source = "registry+https://github.com/rust-lang/crates.io-index"
checksum = "90064b8dee6815a6470d60bad07bbbaee885c0e12d04177138fa3291a01b7bc4"

[[package]]
name = "cc"
version = "1.0.73"
source = "registry+https://github.com/rust-lang/crates.io-index"
checksum = "2fff2a6927b3bb87f9595d67196a70493f627687a71d87a0d692242c33f58c11"

[[package]]
name = "cfg-if"
version = "1.0.0"
source = "registry+https://github.com/rust-lang/crates.io-index"
checksum = "baf1de4339761588bc0619e3cbc0120ee582ebb74b53b4efbf79117bd2da40fd"

[[package]]
name = "clightningrpc"
version = "0.2.0"
source = "registry+https://github.com/rust-lang/crates.io-index"
checksum = "98ae583d1efb5a0cb21d77ef53f872f104c872b5e05cc150b277d15afe13e974"
dependencies = [
 "serde",
 "serde_derive",
 "serde_json",
]

[[package]]
name = "clightningrpc-common"
version = "0.3.0-beta.3"
source = "registry+https://github.com/rust-lang/crates.io-index"
checksum = "04d9821ddb8b5eee8f922fea6871f8684cf3eb74a1cb54f6a6782df70fe28b37"
dependencies = [
 "serde",
 "serde_json",
]

[[package]]
name = "clightningrpc-plugin"
version = "0.3.0-beta.6"
source = "registry+https://github.com/rust-lang/crates.io-index"
checksum = "e8fb29eaaaee70f32e3eeea65c6227d124de53e32c6102728fad6209b7798543"
dependencies = [
 "clightningrpc-common",
 "serde",
 "serde_json",
]

[[package]]
name = "crossbeam-channel"
version = "0.5.6"
source = "registry+https://github.com/rust-lang/crates.io-index"
checksum = "c2dd04ddaf88237dc3b8d8f9a3c1004b506b54b3313403944054d23c0870c521"
dependencies = [
 "cfg-if",
 "crossbeam-utils",
]

[[package]]
name = "crossbeam-utils"
version = "0.8.12"
source = "registry+https://github.com/rust-lang/crates.io-index"
checksum = "edbafec5fa1f196ca66527c1b12c2ec4745ca14b50f1ad8f9f6f720b55d11fac"
dependencies = [
 "cfg-if",
]

[[package]]
name = "fastrand"
version = "1.8.0"
source = "registry+https://github.com/rust-lang/crates.io-index"
checksum = "a7a407cfaa3385c4ae6b23e84623d48c2798d06e3e6a1878f7f59f17b3f86499"
dependencies = [
 "instant",
]

[[package]]
name = "future-common"
version = "0.1.0"
dependencies = [
 "clightningrpc-plugin",
 "serde_json",
]

[[package]]
name = "instant"
version = "0.1.12"
source = "registry+https://github.com/rust-lang/crates.io-index"
checksum = "7a5bbe824c507c5da5956355e86a746d82e0e1464f65d862cc5e71da70e94b2c"
dependencies = [
 "cfg-if",
]

[[package]]
name = "itoa"
version = "1.0.3"
source = "registry+https://github.com/rust-lang/crates.io-index"
checksum = "6c8af84674fe1f223a982c933a0ee1086ac4d4052aa0fb8060c12c6ad838e754"

[[package]]
name = "libc"
version = "0.2.135"
source = "registry+https://github.com/rust-lang/crates.io-index"
checksum = "68783febc7782c6c5cb401fbda4de5a9898be1762314da0bb2c10ced61f18b0c"

[[package]]
name = "log"
version = "0.4.17"
source = "registry+https://github.com/rust-lang/crates.io-index"
checksum = "abb12e687cfb44aa40f41fc3978ef76448f9b6038cad6aef4259d3c095a2382e"
dependencies = [
 "cfg-if",
]

[[package]]
name = "microserde"
version = "0.1.13"
source = "registry+https://github.com/rust-lang/crates.io-index"
checksum = "bc73d64402c57ce913a4a4788ca4e0c60329a2e29782f8e88d510c1c951fac46"
dependencies = [
 "microserde-derive",
]

[[package]]
name = "microserde-derive"
version = "0.1.13"
source = "registry+https://github.com/rust-lang/crates.io-index"
checksum = "6e3afa8ee462bb9ed735b544476a9e4ece0f10be76864ff9b80a6a525b837232"
dependencies = [
 "proc-macro2",
 "quote",
 "syn",
]

[[package]]
name = "nakamoto-chain"
version = "0.4.0"
source = "git+https://github.com/vincenzopalazzo/nakamoto?branch=macros/client_model#d7ad99e5e4d9dab7562e4da181939b82f402c7af"
dependencies = [
 "log",
 "nakamoto-common",
 "thiserror",
]

[[package]]
name = "nakamoto-client"
version = "0.4.0"
source = "git+https://github.com/vincenzopalazzo/nakamoto?branch=macros/client_model#d7ad99e5e4d9dab7562e4da181939b82f402c7af"
dependencies = [
 "crossbeam-channel",
 "fastrand",
 "log",
 "microserde",
 "nakamoto-chain",
 "nakamoto-common",
 "nakamoto-net",
 "nakamoto-p2p",
 "thiserror",
]

[[package]]
name = "nakamoto-common"
version = "0.4.0"
source = "git+https://github.com/vincenzopalazzo/nakamoto?branch=macros/client_model#d7ad99e5e4d9dab7562e4da181939b82f402c7af"
dependencies = [
 "bitcoin",
 "bitcoin_hashes",
 "fastrand",
 "log",
 "microserde",
 "nakamoto-net",
 "nonempty",
 "thiserror",
]

[[package]]
name = "nakamoto-net"
version = "0.4.0"
source = "git+https://github.com/vincenzopalazzo/nakamoto?branch=macros/client_model#d7ad99e5e4d9dab7562e4da181939b82f402c7af"
dependencies = [
 "crossbeam-channel",
 "fastrand",
 "log",
 "thiserror",
]

[[package]]
name = "nakamoto-net-poll"
version = "0.4.0"
source = "git+https://github.com/vincenzopalazzo/nakamoto?branch=macros/client_model#d7ad99e5e4d9dab7562e4da181939b82f402c7af"
dependencies = [
 "crossbeam-channel",
 "libc",
 "log",
 "nakamoto-net",
 "popol",
 "socket2",
]

[[package]]
name = "nakamoto-p2p"
version = "0.4.0"
source = "git+https://github.com/vincenzopalazzo/nakamoto?branch=macros/client_model#d7ad99e5e4d9dab7562e4da181939b82f402c7af"
dependencies = [
 "crossbeam-channel",
 "fastrand",
 "log",
 "microserde",
 "nakamoto-common",
 "nakamoto-net",
 "thiserror",
]

[[package]]
name = "nakamoto_cln_client"
version = "0.1.0"
dependencies = [
 "clightningrpc-common",
 "clightningrpc-plugin",
 "future-common",
 "nakamoto-client",
 "nakamoto-common",
 "nakamoto-net-poll",
 "nakamoto-p2p",
 "serde_json",
]

[[package]]
name = "nonempty"
version = "0.7.0"
source = "registry+https://github.com/rust-lang/crates.io-index"
checksum = "e9e591e719385e6ebaeb5ce5d3887f7d5676fceca6411d1925ccc95745f3d6f7"

[[package]]
name = "popol"
version = "2.0.0"
source = "registry+https://github.com/rust-lang/crates.io-index"
checksum = "c6577306b0ffc3764acc788764b0ddd15d85f8b382ef9977769ebf701db79ace"
dependencies = [
 "libc",
]

[[package]]
name = "proc-macro2"
version = "1.0.44"
source = "registry+https://github.com/rust-lang/crates.io-index"
checksum = "7bd7356a8122b6c4a24a82b278680c73357984ca2fc79a0f9fa6dea7dced7c58"
dependencies = [
 "unicode-ident",
]

[[package]]
name = "quote"
version = "1.0.21"
source = "registry+https://github.com/rust-lang/crates.io-index"
checksum = "bbe448f377a7d6961e30f5955f9b8d106c3f5e449d493ee1b125c1d43c2b5179"
dependencies = [
 "proc-macro2",
]

[[package]]
name = "ryu"
version = "1.0.11"
source = "registry+https://github.com/rust-lang/crates.io-index"
checksum = "4501abdff3ae82a1c1b477a17252eb69cee9e66eb915c1abaa4f44d873df9f09"

[[package]]
name = "satoshi_plugin"
version = "0.1.0"
dependencies = [
 "clightningrpc",
 "clightningrpc-plugin",
 "future-common",
]

[[package]]
name = "secp256k1"
version = "0.24.1"
source = "registry+https://github.com/rust-lang/crates.io-index"
checksum = "ff55dc09d460954e9ef2fa8a7ced735a964be9981fd50e870b2b3b0705e14964"
dependencies = [
 "bitcoin_hashes",
 "secp256k1-sys",
]

[[package]]
name = "secp256k1-sys"
version = "0.6.1"
source = "registry+https://github.com/rust-lang/crates.io-index"
checksum = "83080e2c2fc1006e625be82e5d1eb6a43b7fd9578b617fcc55814daf286bba4b"
dependencies = [
 "cc",
]

[[package]]
name = "serde"
version = "1.0.145"
source = "registry+https://github.com/rust-lang/crates.io-index"
checksum = "728eb6351430bccb993660dfffc5a72f91ccc1295abaa8ce19b27ebe4f75568b"
dependencies = [
 "serde_derive",
]

[[package]]
name = "serde_derive"
version = "1.0.145"
source = "registry+https://github.com/rust-lang/crates.io-index"
checksum = "81fa1584d3d1bcacd84c277a0dfe21f5b0f6accf4a23d04d4c6d61f1af522b4c"
dependencies = [
 "proc-macro2",
 "quote",
 "syn",
]

[[package]]
name = "serde_json"
version = "1.0.85"
source = "registry+https://github.com/rust-lang/crates.io-index"
checksum = "e55a28e3aaef9d5ce0506d0a14dbba8054ddc7e499ef522dd8b26859ec9d4a44"
dependencies = [
 "itoa",
 "ryu",
 "serde",
]

[[package]]
name = "socket2"
version = "0.4.7"
source = "registry+https://github.com/rust-lang/crates.io-index"
checksum = "02e2d2db9033d13a1567121ddd7a095ee144db4e1ca1b1bda3419bc0da294ebd"
dependencies = [
 "libc",
 "winapi",
]

[[package]]
name = "syn"
version = "1.0.100"
source = "registry+https://github.com/rust-lang/crates.io-index"
checksum = "52205623b1b0f064a4e71182c3b18ae902267282930c6d5462c91b859668426e"
dependencies = [
 "proc-macro2",
 "quote",
 "unicode-ident",
]

[[package]]
name = "thiserror"
version = "1.0.37"
source = "registry+https://github.com/rust-lang/crates.io-index"
checksum = "10deb33631e3c9018b9baf9dcbbc4f737320d2b576bac10f6aefa048fa407e3e"
dependencies = [
 "thiserror-impl",
]

[[package]]
name = "thiserror-impl"
version = "1.0.37"
source = "registry+https://github.com/rust-lang/crates.io-index"
checksum = "982d17546b47146b28f7c22e3d08465f6b8903d0ea13c1660d9d84a6e7adcdbb"
dependencies = [
 "proc-macro2",
 "quote",
 "syn",
]

[[package]]
name = "unicode-ident"
version = "1.0.4"
source = "registry+https://github.com/rust-lang/crates.io-index"
checksum = "dcc811dc4066ac62f84f11307873c4850cb653bfa9b1719cee2bd2204a4bc5dd"

[[package]]
name = "winapi"
version = "0.3.9"
source = "registry+https://github.com/rust-lang/crates.io-index"
checksum = "5c839a674fcd7a98952e593242ea400abe93992746761e38641405d28b00f419"
dependencies = [
 "winapi-i686-pc-windows-gnu",
 "winapi-x86_64-pc-windows-gnu",
]

[[package]]
name = "winapi-i686-pc-windows-gnu"
version = "0.4.0"
source = "registry+https://github.com/rust-lang/crates.io-index"
checksum = "ac3b87c63620426dd9b991e5ce0329eff545bccbbb34f3be09ff6fb6ab51b7b6"

[[package]]
name = "winapi-x86_64-pc-windows-gnu"
version = "0.4.0"
source = "registry+https://github.com/rust-lang/crates.io-index"
checksum = "712e227841d057c1ee1cd2fb22fa7e5a5461ae8e48fa2ca79ec42cfc1931183f"
